Microsoft Visual Studio Solution File, Format Version 12.00
Project("{FAE04EC0-301F-11D3-BF4B-00C04F79EFBC}") = "Algorithm.Laboratory", "Algorithm.Laboratory\Algorithm.Laboratory.csproj", "{A41F5F71-9FE5-4A71-AADA-B429E459E09F}"
EndProject
Project("{FAE04EC0-301F-11D3-BF4B-00C04F79EFBC}") = "Algorithm.Tests", "Algorithm.Tests\Algorithm.Tests.csproj", "{57F29BC9-E062-4ED3-BDC4-B46973E0A45D}"
EndProject
Global
	GlobalSection(SolutionConfigurationPlatforms) = preSolution
		Debug|Any CPU = Debug|Any CPU
		Release|Any CPU = Release|Any CPU
	EndGlobalSection
	GlobalSection(ProjectConfigurationPlatforms) = postSolution
		{A41F5F71-9FE5-4A71-AADA-B429E459E09F}.Debug|Any CPU.ActiveCfg = Debug|Any CPU
		{A41F5F71-9FE5-4A71-AADA-B429E459E09F}.Debug|Any CPU.Build.0 = Debug|Any CPU
		{A41F5F71-9FE5-4A71-AADA-B429E459E09F}.Release|Any CPU.ActiveCfg = Release|Any CPU
		{A41F5F71-9FE5-4A71-AADA-B429E459E09F}.Release|Any CPU.Build.0 = Release|Any CPU
		{57F29BC9-E062-4ED3-BDC4-B46973E0A45D}.Debug|Any CPU.ActiveCfg = Debug|Any CPU
		{57F29BC9-E062-4ED3-BDC4-B46973E0A45D}.Debug|Any CPU.Build.0 = Debug|Any CPU
		{57F29BC9-E062-4ED3-BDC4-B46973E0A45D}.Release|Any CPU.ActiveCfg = Release|Any CPU
		{57F29BC9-E062-4ED3-BDC4-B46973E0A45D}.Release|Any CPU.Build.0 = Release|Any CPU
	EndGlobalSection
EndGlobal
